// !$*UTF8*$!
{
	archiveVersion = 1;
	classes = {
	};
	objectVersion = 46;
	objects = {

/* Begin PBXBuildFile section */
		34D0364A1C060BCA00327DCB /* main.m in Sources */ = {isa = PBXBuildFile; fileRef = 34D036491C060BCA00327DCB /* main.m */; };
		34D0364D1C060BCA00327DCB /* AppDelegate.m in Sources */ = {isa = PBXBuildFile; fileRef = 34D0364C1C060BCA00327DCB /* AppDelegate.m */; };
		34D036501C060BCA00327DCB /* ViewController.m in Sources */ = {isa = PBXBuildFile; fileRef = 34D0364F1C060BCA00327DCB /* ViewController.m */; };
		34D036531C060BCA00327DCB /* Main.storyboard in Resources */ = {isa = PBXBuildFile; fileRef = 34D036511C060BCA00327DCB /* Main.storyboard */; };
		34D036551C060BCA00327DCB /* Images.xcassets in Resources */ = {isa = PBXBuildFile; fileRef = 34D036541C060BCA00327DCB /* Images.xcassets */; };
		34D036581C060BCA00327DCB /* LaunchScreen.xib in Resources */ = {isa = PBXBuildFile; fileRef = 34D036561C060BCA00327DCB /* LaunchScreen.xib */; };
		34D036641C060BCA00327DCB /* ylweiboTests.m in Sources */ = {isa = PBXBuildFile; fileRef = 34D036631C060BCA00327DCB /* ylweiboTests.m */; };
/* End PBXBuildFile section */

/* Begin PBXContainerItemProxy section */
		34D0365E1C060BCA00327DCB /* PBXContainerItemProxy */ = {
			isa = PBXContainerItemProxy;
			containerPortal = 34D0363C1C060BCA00327DCB /* Project object */;
			proxyType = 1;
			remoteGlobalIDString = 34D036431C060BCA00327DCB;
			remoteInfo = ylweibo;
		};
/* End PBXContainerItemProxy section */

/* Begin PBXFileReference section */
		34D036441C060BCA00327DCB /* ylweibo.app */ = {isa = PBXFileReference; explicitFileType = wrapper.application; includeInIndex = 0; path = ylweibo.app; sourceTree = BUILT_PRODUCTS_DIR; };
		34D036481C060BCA00327DCB /* Info.plist */ = {isa = PBXFileReference; lastKnownFileType = text.plist.xml; path = Info.plist; sourceTree = "<group>"; };
		34D036491C060BCA00327DCB /* main.m */ = {isa = PBXFileReference; lastKnownFileType = sourcecode.c.objc; path = main.m; sourceTree = "<group>"; };
		34D0364B1C060BCA00327DCB /* AppDelegate.h */ = {isa = PBXFileReference; lastKnownFileType = sourcecode.c.h; path = AppDelegate.h; sourceTree = "<group>"; };
		34D0364C1C060BCA00327DCB /* AppDelegate.m */ = {isa = PBXFileReference; lastKnownFileType = sourcecode.c.objc; path = AppDelegate.m; sourceTree = "<group>"; };
		34D0364E1C060BCA00327DCB /* ViewController.h */ = {isa = PBXFileReference; lastKnownFileType = sourcecode.c.h; path = ViewController.h; sourceTree = "<group>"; };
		34D0364F1C060BCA00327DCB /* ViewController.m */ = {isa = PBXFileReference; lastKnownFileType = sourcecode.c.objc; path = ViewController.m; sourceTree = "<group>"; };
		34D036521C060BCA00327DCB /* Base */ = {isa = PBXFileReference; lastKnownFileType = file.storyboard; name = Base; path = Base.lproj/Main.storyboard; sourceTree = "<group>"; };
		34D036541C060BCA00327DCB /* Images.xcassets */ = {isa = PBXFileReference; lastKnownFileType = folder.assetcatalog; path = Images.xcassets; sourceTree = "<group>"; };
		34D036571C060BCA00327DCB /* Base */ = {isa = PBXFileReference; lastKnownFileType = file.xib; name = Base; path = Base.lproj/LaunchScreen.xib; sourceTree = "<group>"; };
		34D0365D1C060BCA00327DCB /* ylweiboTests.xctest */ = {isa = PBXFileReference; explicitFileType = wrapper.cfbundle; includeInIndex = 0; path = ylweiboTests.xctest; sourceTree = BUILT_PRODUCTS_DIR; };
		34D036621C060BCA00327DCB /* Info.plist */ = {isa = PBXFileReference; lastKnownFileType = text.plist.xml; path = Info.plist; sourceTree = "<group>"; };
		34D036631C060BCA00327DCB /* ylweiboTests.m */ = {isa = PBXFileReference; lastKnownFileType = sourcecode.c.objc; path = ylweiboTests.m; sourceTree = "<group>"; };
/* End PBXFileReference section */

/* Begin PBXFrameworksBuildPhase section */
		34D036411C060BCA00327DCB /* Frameworks */ = {
			isa = PBXFrameworksBuildPhase;
			buildActionMask = 2147483647;
			files = (
			);
			runOnlyForDeploymentPostprocessing = 0;
		};
		34D0365A1C060BCA00327DCB /* Frameworks */ = {
			isa = PBXFrameworksBuildPhase;
			buildActionMask = 2147483647;
			files = (
			);
			runOnlyForDeploymentPostprocessing = 0;
		};
/* End PBXFrameworksBuildPhase section */

/* Begin PBXGroup section */
		34D0363B1C060BCA00327DCB = {
			isa = PBXGroup;
			children = (
				34D036461C060BCA00327DCB /* ylweibo */,
				34D036601C060BCA00327DCB /* ylweiboTests */,
				34D036451C060BCA00327DCB /* Products */,
			);
			sourceTree = "<group>";
		};
		34D036451C060BCA00327DCB /* Products */ = {
			isa = PBXGroup;
			children = (
				34D036441C060BCA00327DCB /* ylweibo.app */,
				34D0365D1C060BCA00327DCB /* ylweiboTests.xctest */,
			);
			name = Products;
			sourceTree = "<group>";
		};
		34D036461C060BCA00327DCB /* ylweibo */ = {
			isa = PBXGroup;
			children = (
				34D0364B1C060BCA00327DCB /* AppDelegate.h */,
				34D0364C1C060BCA00327DCB /* AppDelegate.m */,
				34D0364E1C060BCA00327DCB /* ViewController.h */,
				34D0364F1C060BCA00327DCB /* ViewController.m */,
				34D036511C060BCA00327DCB /* Main.storyboard */,
				34D036541C060BCA00327DCB /* Images.xcassets */,
				34D036561C060BCA00327DCB /* LaunchScreen.xib */,
				34D036471C060BCA00327DCB /* Supporting Files */,
			);
			path = ylweibo;
			sourceTree = "<group>";
		};
		34D036471C060BCA00327DCB /* Supporting Files */ = {
			isa = PBXGroup;
			children = (
				34D036481C060BCA00327DCB /* Info.plist */,
				34D036491C060BCA00327DCB /* main.m */,
			);
			name = "Supporting Files";
			sourceTree = "<group>";
		};
		34D036601C060BCA00327DCB /* ylweiboTests */ = {
			isa = PBXGroup;
			children = (
				34D036631C060BCA00327DCB /* ylweiboTests.m */,
				34D036611C060BCA00327DCB /* Supporting Files */,
			);
			path = ylweiboTests;
			sourceTree = "<group>";
		};
		34D036611C060BCA00327DCB /* Supporting Files */ = {
			isa = PBXGroup;
			children = (
				34D036621C060BCA00327DCB /* Info.plist */,
			);
			name = "Supporting Files";
			sourceTree = "<group>";
		};
/* End PBXGroup section */

/* Begin PBXNativeTarget section */
		34D036431C060BCA00327DCB /* ylweibo */ = {
			isa = PBXNativeTarget;
			buildConfigurationList = 34D036671C060BCA00327DCB /* Build configuration list for PBXNativeTarget "ylweibo" */;
			buildPhases = (
				34D036401C060BCA00327DCB /* Sources */,
				34D036411C060BCA00327DCB /* Frameworks */,
				34D036421C060BCA00327DCB /* Resources */,
			);
			buildRules = (
			);
			dependencies = (
			);
			name = ylweibo;
			productName = ylweibo;
			productReference = 34D036441C060BCA00327DCB /* ylweibo.app */;
			productType = "com.apple.product-type.application";
		};
		34D0365C1C060BCA00327DCB /* ylweiboTests */ = {
			isa = PBXNativeTarget;
			buildConfigurationList = 34D0366A1C060BCA00327DCB /* Build configuration list for PBXNativeTarget "ylweiboTests" */;
			buildPhases = (
				34D036591C060BCA00327DCB /* Sources */,
				34D0365A1C060BCA00327DCB /* Frameworks */,
				34D0365B1C060BCA00327DCB /* Resources */,
			);
			buildRules = (
			);
			dependencies = (
				34D0365F1C060BCA00327DCB /* PBXTargetDependency */,
			);
			name = ylweiboTests;
			productName = ylweiboTests;
			productReference = 34D0365D1C060BCA00327DCB /* ylweiboTests.xctest */;
			productType = "com.apple.product-type.bundle.unit-test";
		};
/* End PBXNativeTarget section */

/* Begin PBXProject section */
		34D0363C1C060BCA00327DCB /* Project object */ = {
			isa = PBXProject;
			attributes = {
				LastUpgradeCheck = 0630;
				ORGANIZATIONNAME = yl;
				TargetAttributes = {
					34D036431C060BCA00327DCB = {
						CreatedOnToolsVersion = 6.3;
					};
					34D0365C1C060BCA00327DCB = {
						CreatedOnToolsVersion = 6.3;
						TestTargetID = 34D036431C060BCA00327DCB;
					};
				};
			};
			buildConfigurationList = 34D0363F1C060BCA00327DCB /* Build configuration list for PBXProject "ylweibo" */;
			compatibilityVersion = "Xcode 3.2";
			developmentRegion = English;
			hasScannedForEncodings = 0;
			knownRegions = (
				en,
				Base,
			);
			mainGroup = 34D0363B1C060BCA00327DCB;
			productRefGroup = 34D036451C060BCA00327DCB /* Products */;
			projectDirPath = "";
			projectRoot = "";
			targets = (
				34D036431C060BCA00327DCB /* ylweibo */,
				34D0365C1C060BCA00327DCB /* ylweiboTests */,
			);
		};
/* End PBXProject section */

/* Begin PBXResourcesBuildPhase section */
		34D036421C060BCA00327DCB /* Resources */ = {
			isa = PBXResourcesBuildPhase;
			buildActionMask = 2147483647;
			files = (
				34D036531C060BCA00327DCB /* Main.storyboard in Resources */,
				34D036581C060BCA00327DCB /* LaunchScreen.xib in Resources */,
				34D036551C060BCA00327DCB /* Images.xcassets in Resources */,
			);
			runOnlyForDeploymentPostprocessing = 0;
		};
		34D0365B1C060BCA00327DCB /* Resources */ = {
			isa = PBXResourcesBuildPhase;
			buildActionMask = 2147483647;
			files = (
			);
			runOnlyForDeploymentPostprocessing = 0;
		};
/* End PBXResourcesBuildPhase section */

/* Begin PBXSourcesBuildPhase section */
		34D036401C060BCA00327DCB /* Sources */ = {
			isa = PBXSourcesBuildPhase;
			buildActionMask = 2147483647;
			files = (
				34D036501C060BCA00327DCB /* ViewController.m in Sources */,
				34D0364D1C060BCA00327DCB /* AppDelegate.m in Sources */,
				34D0364A1C060BCA00327DCB /* main.m in Sources */,
			);
			runOnlyForDeploymentPostprocessing = 0;
		};
		34D036591C060BCA00327DCB /* Sources */ = {
			isa = PBXSourcesBuildPhase;
			buildActionMask = 2147483647;
			files = (
				34D036641C060BCA00327DCB /* ylweiboTests.m in Sources */,
			);
			runOnlyForDeploymentPostprocessing = 0;
		};
/* End PBXSourcesBuildPhase section */

/* Begin PBXTargetDependency section */
		34D0365F1C060BCA00327DCB /* PBXTargetDependency */ = {
			isa = PBXTargetDependency;
			target = 34D036431C060BCA00327DCB /* ylweibo */;
			targetProxy = 34D0365E1C060BCA00327DCB /* PBXContainerItemProxy */;
		};
/* End PBXTargetDependency section */

/* Begin PBXVariantGroup section */
		34D036511C060BCA00327DCB /* Main.storyboard */ = {
			isa = PBXVariantGroup;
			children = (
				34D036521C060BCA00327DCB /* Base */,
			);
			name = Main.storyboard;
			sourceTree = "<group>";
		};
		34D036561C060BCA00327DCB /* LaunchScreen.xib */ = {
			isa = PBXVariantGroup;
			children = (
				34D036571C060BCA00327DCB /* Base */,
			);
			name = LaunchScreen.xib;
			sourceTree = "<group>";
		};
/* End PBXVariantGroup section */

/* Begin XCBuildConfiguration section */
		34D036651C060BCA00327DCB /* Debug */ = {
			isa = XCBuildConfiguration;
			buildSettings = {
				ALWAYS_SEARCH_USER_PATHS = NO;
				CLANG_CXX_LANGUAGE_STANDARD = "gnu++0x";
				CLANG_CXX_LIBRARY = "libc++";
				CLANG_ENABLE_MODULES = YES;
				CLANG_ENABLE_OBJC_ARC = YES;
				CLANG_WARN_BOOL_CONVERSION = YES;
				CLANG_WARN_CONSTANT_CONVERSION = YES;
				CLANG_WARN_DIRECT_OBJC_ISA_USAGE = YES_ERROR;
				CLANG_WARN_EMPTY_BODY = YES;
				CLANG_WARN_ENUM_CONVERSION = YES;
				CLANG_WARN_INT_CONVERSION = YES;
				CLANG_WARN_OBJC_ROOT_CLASS = YES_ERROR;
				CLANG_WARN_UNREACHABLE_CODE = YES;
				CLANG_WARN__DUPLICATE_METHOD_MATCH = YES;
				"CODE_SIGN_IDENTITY[sdk=iphoneos*]" = "iPhone Developer";
				COPY_PHASE_STRIP = NO;
				DEBUG_INFORMATION_FORMAT = "dwarf-with-dsym";
				ENABLE_STRICT_OBJC_MSGSEND = YES;
				GCC_C_LANGUAGE_STANDARD = gnu99;
				GCC_DYNAMIC_NO_PIC = NO;
				GCC_NO_COMMON_BLOCKS = YES;
				GCC_OPTIMIZATION_LEVEL = 0;
				GCC_PREPROCESSOR_DEFINITIONS = (
					"DEBUG=1",
					"$(inherited)",
				);
				GCC_SYMBOLS_PRIVATE_EXTERN = NO;
				GCC_WARN_64_TO_32_BIT_CONVERSION = YES;
				GCC_WARN_ABOUT_RETURN_TYPE = YES_ERROR;
				GCC_WARN_UNDECLARED_SELECTOR = YES;
				GCC_WARN_UNINITIALIZED_AUTOS = YES_AGGRESSIVE;
				GCC_WARN_UNUSED_FUNCTION = YES;
				GCC_WARN_UNUSED_VARIABLE = YES;
				IPHONEOS_DEPLOYMENT_TARGET = 8.3;
				MTL_ENABLE_DEBUG_INFO = YES;
				ONLY_ACTIVE_ARCH = YES;
				SDKROOT = iphoneos;
			};
			name = Debug;
		};
		34D036661C060BCA00327DCB /* Release */ = {
			isa = XCBuildConfiguration;
			buildSettings = {
				ALWAYS_SEARCH_USER_PATHS = NO;
				CLANG_CXX_LANGUAGE_STANDARD = "gnu++0x";
				CLANG_CXX_LIBRARY = "libc++";
				CLANG_ENABLE_MODULES = YES;
				CLANG_ENABLE_OBJC_ARC = YES;
				CLANG_WARN_BOOL_CONVERSION = YES;
				CLANG_WARN_CONSTANT_CONVERSION = YES;
				CLANG_WARN_DIRECT_OBJC_ISA_USAGE = YES_ERROR;
				CLANG_WARN_EMPTY_BODY = YES;
				CLANG_WARN_ENUM_CONVERSION = YES;
				CLANG_WARN_INT_CONVERSION = YES;
				CLANG_WARN_OBJC_ROOT_CLASS = YES_ERROR;
				CLANG_WARN_UNREACHABLE_CODE = YES;
				CLANG_WARN__DUPLICATE_METHOD_MATCH = YES;
				"CODE_SIGN_IDENTITY[sdk=iphoneos*]" = "iPhone Developer";
				COPY_PHASE_STRIP = NO;
				DEBUG_INFORMATION_FORMAT = "dwarf-with-dsym";
				ENABLE_NS_ASSERTIONS = NO;
				ENABLE_STRICT_OBJC_MSGSEND = YES;
				GCC_C_LANGUAGE_STANDARD = gnu99;
				GCC_NO_COMMON_BLOCKS = YES;
				GCC_WARN_64_TO_32_BIT_CONVERSION = YES;
				GCC_WARN_ABOUT_RETURN_TYPE = YES_ERROR;
				GCC_WARN_UNDECLARED_SELECTOR = YES;
				GCC_WARN_UNINITIALIZED_AUTOS = YES_AGGRESSIVE;
				GCC_WARN_UNUSED_FUNCTION = YES;
				GCC_WARN_UNUSED_VARIABLE = YES;
				IPHONEOS_DEPLOYMENT_TARGET = 8.3;
				MTL_ENABLE_DEBUG_INFO = NO;
				SDKROOT = iphoneos;
				VALIDATE_PRODUCT = YES;
			};
			name = Release;
		};
		34D036681C060BCA00327DCB /* Debug */ = {
			isa = XCBuildConfiguration;
			buildSettings = {
				ASSETCATALOG_COMPILER_APPICON_NAME = AppIcon;
				INFOPLIST_FILE = ylweibo/Info.plist;
				LD_RUNPATH_SEARCH_PATHS = "$(inherited) @executable_path/Frameworks";
				PRODUCT_NAME = "$(TARGET_NAME)";
			};
			name = Debug;
		};
		34D036691C060BCA00327DCB /* Release */ = {
			isa = XCBuildConfiguration;
			buildSettings = {
				ASSETCATALOG_COMPILER_APPICON_NAME = AppIcon;
				INFOPLIST_FILE = ylweibo/Info.plist;
				LD_RUNPATH_SEARCH_PATHS = "$(inherited) @executable_path/Frameworks";
				PRODUCT_NAME = "$(TARGET_NAME)";
			};
			name = Release;
		};
		34D0366B1C060BCA00327DCB /* Debug */ = {
			isa = XCBuildConfiguration;
			buildSettings = {
				BUNDLE_LOADER = "$(TEST_HOST)";
				FRAMEWORK_SEARCH_PATHS = (
					"$(SDKROOT)/Developer/Library/Frameworks",
					"$(inherited)",
				);
				GCC_PREPROCESSOR_DEFINITIONS = (
					"DEBUG=1",
					"$(inherited)",
				);
				INFOPLIST_FILE = ylweiboTests/Info.plist;
				LD_RUNPATH_SEARCH_PATHS = "$(inherited) @executable_path/Frameworks @loader_path/Frameworks";
				PRODUCT_NAME = "$(TARGET_NAME)";
				TEST_HOST = "$(BUILT_PRODUCTS_DIR)/ylweibo.app/ylweibo";
			};
			name = Debug;
		};
		34D0366C1C060BCA00327DCB /* Release */ = {
			isa = XCBuildConfiguration;
			buildSettings = {
				BUNDLE_LOADER = "$(TEST_HOST)";
				FRAMEWORK_SEARCH_PATHS = (
					"$(SDKROOT)/Developer/Library/Frameworks",
					"$(inherited)",
				);
				INFOPLIST_FILE = ylweiboTests/Info.plist;
				LD_RUNPATH_SEARCH_PATHS = "$(inherited) @executable_path/Frameworks @loader_path/Frameworks";
				PRODUCT_NAME = "$(TARGET_NAME)";
				TEST_HOST = "$(BUILT_PRODUCTS_DIR)/ylweibo.app/ylweibo";
			};
			name = Release;
		};
/* End XCBuildConfiguration section */

/* Begin XCConfigurationList section */
		34D0363F1C060BCA00327DCB /* Build configuration list for PBXProject "ylweibo" */ = {
			isa = XCConfigurationList;
			buildConfigurations = (
				34D036651C060BCA00327DCB /* Debug */,
				34D036661C060BCA00327DCB /* Release */,
			);
			defaultConfigurationIsVisible = 0;
			defaultConfigurationName = Release;
		};
		34D036671C060BCA00327DCB /* Build configuration list for PBXNativeTarget "ylweibo" */ = {
			isa = XCConfigurationList;
			buildConfigurations = (
				34D036681C060BCA00327DCB /* Debug */,
				34D036691C060BCA00327DCB /* Release */,
			);
			defaultConfigurationIsVisible = 0;
		};
		34D0366A1C060BCA00327DCB /* Build configuration list for PBXNativeTarget "ylweiboTests" */ = {
			isa = XCConfigurationList;
			buildConfigurations = (
				34D0366B1C060BCA00327DCB /* Debug */,
				34D0366C1C060BCA00327DCB /* Release */,
			);
			defaultConfigurationIsVisible = 0;
		};
/* End XCConfigurationList section */
	};
	rootObject = 34D0363C1C060BCA00327DCB /* Project object */;
}
